Microsoft Visual Studio Solution File, Format Version 12.00
# Visual Studio Version 17
VisualStudioVersion = 17.0.31903.59
MinimumVisualStudioVersion = 10.0.40219.1
Project("{FAE04EC0-301F-11D3-BF4B-00C04F79EFBC}") = "SysAqua.Payments", "src\SysAqua.Payments\SysAqua.Payments.csproj", "{8B237A58-332A-40B3-8E24-B783138C95B1}"
EndProject
Project("{FAE04EC0-301F-11D3-BF4B-00C04F79EFBC}") = "SysAqua.Payments.Tests", "tests\SysAqua.Payments.Tests\SysAqua.Payments.Tests.csproj", "{EBEB2CD0-E48A-462E-B69C-A28AF49E4727}"
EndProject
Global
	GlobalSection(SolutionConfigurationPlatforms) = preSolution
		Debug|Any CPU = Debug|Any CPU
		Release|Any CPU = Release|Any CPU
	EndGlobalSection
	GlobalSection(ProjectConfigurationPlatforms) = postSolution
		{8B237A58-332A-40B3-8E24-B783138C95B1}.Debug|Any CPU.ActiveCfg = Debug|Any CPU
		{8B237A58-332A-40B3-8E24-B783138C95B1}.Debug|Any CPU.Build.0 = Debug|Any CPU
		{8B237A58-332A-40B3-8E24-B783138C95B1}.Release|Any CPU.ActiveCfg = Release|Any CPU
		{8B237A58-332A-40B3-8E24-B783138C95B1}.Release|Any CPU.Build.0 = Release|Any CPU
		{EBEB2CD0-E48A-462E-B69C-A28AF49E4727}.Debug|Any CPU.ActiveCfg = Debug|Any CPU
		{EBEB2CD0-E48A-462E-B69C-A28AF49E4727}.Debug|Any CPU.Build.0 = Debug|Any CPU
		{EBEB2CD0-E48A-462E-B69C-A28AF49E4727}.Release|Any CPU.ActiveCfg = Release|Any CPU
		{EBEB2CD0-E48A-462E-B69C-A28AF49E4727}.Release|Any CPU.Build.0 = Release|Any CPU
	EndGlobalSection
EndGlobal

